// !$*UTF8*$!
{
	archiveVersion = 1;
	classes = {
	};
	objectVersion = 46;
	objects = {

/* Begin PBXBuildFile section */
		08813118194284030082D2E8 /* ExternalAccessory.framework in Frameworks */ = {isa = PBXBuildFile; fileRef = 08813117194284030082D2E8 /* ExternalAccessory.framework */; };
		0881311A1942840E0082D2E8 /* libz.dylib in Frameworks */ = {isa = PBXBuildFile; fileRef = 088131191942840E0082D2E8 /* libz.dylib */; };
		0881311C194284190082D2E8 /* CoreMotion.framework in Frameworks */ = {isa = PBXBuildFile; fileRef = 0881311B194284190082D2E8 /* CoreMotion.framework */; };
		0881311E194284250082D2E8 /* CFNetwork.framework in Frameworks */ = {isa = PBXBuildFile; fileRef = 0881311D194284250082D2E8 /* CFNetwork.framework */; };
		088131201942842E0082D2E8 /* MessageUI.framework in Frameworks */ = {isa = PBXBuildFile; fileRef = 0881311F1942842E0082D2E8 /* MessageUI.framework */; };
		08C526381942739600523A5B /* Foundation.framework in Frameworks */ = {isa = PBXBuildFile; fileRef = 08C526371942739600523A5B /* Foundation.framework */; };
		08C5263A1942739600523A5B /* CoreGraphics.framework in Frameworks */ = {isa = PBXBuildFile; fileRef = 08C526391942739600523A5B /* CoreGraphics.framework */; };
		08C5263C1942739600523A5B /* UIKit.framework in Frameworks */ = {isa = PBXBuildFile; fileRef = 08C5263B1942739600523A5B /* UIKit.framework */; };
		08C526421942739600523A5B /* InfoPlist.strings in Resources */ = {isa = PBXBuildFile; fileRef = 08C526401942739600523A5B /* InfoPlist.strings */; };
		08C526441942739600523A5B /* main.m in Sources */ = {isa = PBXBuildFile; fileRef = 08C526431942739600523A5B /* main.m */; };
		08C526481942739600523A5B /* AppDelegate.m in Sources */ = {isa = PBXBuildFile; fileRef = 08C526471942739600523A5B /* AppDelegate.m */; };
		08C5264B1942739600523A5B /* Main.storyboard in Resources */ = {isa = PBXBuildFile; fileRef = 08C526491942739600523A5B /* Main.storyboard */; };
		08C5264E1942739600523A5B /* ViewController.m in Sources */ = {isa = PBXBuildFile; fileRef = 08C5264D1942739600523A5B /* ViewController.m */; };
		08C526501942739600523A5B /* Images.xcassets in Resources */ = {isa = PBXBuildFile; fileRef = 08C5264F1942739600523A5B /* Images.xcassets */; };
		08C526571942739600523A5B /* XCTest.framework in Frameworks */ = {isa = PBXBuildFile; fileRef = 08C526561942739600523A5B /* XCTest.framework */; };
		08C526581942739700523A5B /* Foundation.framework in Frameworks */ = {isa = PBXBuildFile; fileRef = 08C526371942739600523A5B /* Foundation.framework */; };
		08C526591942739700523A5B /* UIKit.framework in Frameworks */ = {isa = PBXBuildFile; fileRef = 08C5263B1942739600523A5B /* UIKit.framework */; };
		08C526611942739700523A5B /* InfoPlist.strings in Resources */ = {isa = PBXBuildFile; fileRef = 08C5265F1942739700523A5B /* InfoPlist.strings */; };
		08C526631942739700523A5B /* travel_rewards_ios_appTests.m in Sources */ = {isa = PBXBuildFile; fileRef = 08C526621942739700523A5B /* travel_rewards_ios_appTests.m */; };
		08C5266D194273CF00523A5B /* CoreBluetooth.framework in Frameworks */ = {isa = PBXBuildFile; fileRef = 08C5266C194273CF00523A5B /* CoreBluetooth.framework */; };
		08C5266F194273D300523A5B /* CoreLocation.framework in Frameworks */ = {isa = PBXBuildFile; fileRef = 08C5266E194273D300523A5B /* CoreLocation.framework */; };
		08C5267219427DA600523A5B /* MapViewController.m in Sources */ = {isa = PBXBuildFile; fileRef = 08C5267119427DA600523A5B /* MapViewController.m */; };
		08C526771942805A00523A5B /* LocationManager.m in Sources */ = {isa = PBXBuildFile; fileRef = 08C526761942805A00523A5B /* LocationManager.m */; };
		08D60A681942AE900032C562 /* background.png in Resources */ = {isa = PBXBuildFile; fileRef = 08D60A671942AE900032C562 /* background.png */; };
		08D60A6B1942AF020032C562 /* notification.png in Resources */ = {isa = PBXBuildFile; fileRef = 08D60A691942AF020032C562 /* notification.png */; };
		08D60A6C1942AF020032C562 /* notification2.png in Resources */ = {isa = PBXBuildFile; fileRef = 08D60A6A1942AF020032C562 /* notification2.png */; };
		08D60A6E1942AF5A0032C562 /* blankBeacon.png in Resources */ = {isa = PBXBuildFile; fileRef = 08D60A6D1942AF5A0032C562 /* blankBeacon.png */; };
		08D60A711942AF780032C562 /* 3x.png in Resources */ = {isa = PBXBuildFile; fileRef = 08D60A6F1942AF780032C562 /* 3x.png */; };
		08D60A721942AF780032C562 /* 5x.png in Resources */ = {isa = PBXBuildFile; fileRef = 08D60A701942AF780032C562 /* 5x.png */; };
		CB00CC8845C540B79FB33457 /* libPods-travel-rewards-ios-app.a in Frameworks */ = {isa = PBXBuildFile; fileRef = 38CA11960656409BAEF25F15 /* libPods-travel-rewards-ios-app.a */; };
/* End PBXBuildFile section */

/* Begin PBXContainerItemProxy section */
		08C5265A1942739700523A5B /* PBXContainerItemProxy */ = {
			isa = PBXContainerItemProxy;
			containerPortal = 08C5262C1942739600523A5B /* Project object */;
			proxyType = 1;
			remoteGlobalIDString = 08C526331942739600523A5B;
			remoteInfo = "travel-rewards-ios-app";
		};
/* End PBXContainerItemProxy section */

/* Begin PBXFileReference section */
		08813117194284030082D2E8 /* ExternalAccessory.framework */ = {isa = PBXFileReference; lastKnownFileType = wrapper.framework; name = ExternalAccessory.framework; path = System/Library/Frameworks/ExternalAccessory.framework; sourceTree = SDKROOT; };
		088131191942840E0082D2E8 /* libz.dylib */ = {isa = PBXFileReference; lastKnownFileType = "compiled.mach-o.dylib"; name = libz.dylib; path = usr/lib/libz.dylib; sourceTree = SDKROOT; };
		0881311B194284190082D2E8 /* CoreMotion.framework */ = {isa = PBXFileReference; lastKnownFileType = wrapper.framework; name = CoreMotion.framework; path = System/Library/Frameworks/CoreMotion.framework; sourceTree = SDKROOT; };
		0881311D194284250082D2E8 /* CFNetwork.framework */ = {isa = PBXFileReference; lastKnownFileType = wrapper.framework; name = CFNetwork.framework; path = System/Library/Frameworks/CFNetwork.framework; sourceTree = SDKROOT; };
		0881311F1942842E0082D2E8 /* MessageUI.framework */ = {isa = PBXFileReference; lastKnownFileType = wrapper.framework; name = MessageUI.framework; path = System/Library/Frameworks/MessageUI.framework; sourceTree = SDKROOT; };
		08C526341942739600523A5B /* AirPoint.app */ = {isa = PBXFileReference; explicitFileType = wrapper.application; includeInIndex = 0; path = AirPoint.app; sourceTree = BUILT_PRODUCTS_DIR; };
		08C526371942739600523A5B /* Foundation.framework */ = {isa = PBXFileReference; lastKnownFileType = wrapper.framework; name = Foundation.framework; path = System/Library/Frameworks/Foundation.framework; sourceTree = SDKROOT; };
		08C526391942739600523A5B /* CoreGraphics.framework */ = {isa = PBXFileReference; lastKnownFileType = wrapper.framework; name = CoreGraphics.framework; path = System/Library/Frameworks/CoreGraphics.framework; sourceTree = SDKROOT; };
		08C5263B1942739600523A5B /* UIKit.framework */ = {isa = PBXFileReference; lastKnownFileType = wrapper.framework; name = UIKit.framework; path = System/Library/Frameworks/UIKit.framework; sourceTree = SDKROOT; };
		08C5263F1942739600523A5B /* travel-rewards-ios-app-Info.plist */ = {isa = PBXFileReference; lastKnownFileType = text.plist.xml; path = "travel-rewards-ios-app-Info.plist"; sourceTree = "<group>"; };
		08C526411942739600523A5B /* en */ = {isa = PBXFileReference; lastKnownFileType = text.plist.strings; name = en; path = en.lproj/InfoPlist.strings; sourceTree = "<group>"; };
		08C526431942739600523A5B /* main.m */ = {isa = PBXFileReference; lastKnownFileType = sourcecode.c.objc; path = main.m; sourceTree = "<group>"; };
		08C526451942739600523A5B /* travel-rewards-ios-app-Prefix.pch */ = {isa = PBXFileReference; lastKnownFileType = sourcecode.c.h; path = "travel-rewards-ios-app-Prefix.pch"; sourceTree = "<group>"; };
		08C526461942739600523A5B /* AppDelegate.h */ = {isa = PBXFileReference; lastKnownFileType = sourcecode.c.h; path = AppDelegate.h; sourceTree = "<group>"; };
		08C526471942739600523A5B /* AppDelegate.m */ = {isa = PBXFileReference; lastKnownFileType = sourcecode.c.objc; path = AppDelegate.m; sourceTree = "<group>"; };
		08C5264A1942739600523A5B /* Base */ = {isa = PBXFileReference; lastKnownFileType = file.storyboard; name = Base; path = Base.lproj/Main.storyboard; sourceTree = "<group>"; };
		08C5264C1942739600523A5B /* ViewController.h */ = {isa = PBXFileReference; lastKnownFileType = sourcecode.c.h; path = ViewController.h; sourceTree = "<group>"; };
		08C5264D1942739600523A5B /* ViewController.m */ = {isa = PBXFileReference; lastKnownFileType = sourcecode.c.objc; path = ViewController.m; sourceTree = "<group>"; };
		08C5264F1942739600523A5B /* Images.xcassets */ = {isa = PBXFileReference; lastKnownFileType = folder.assetcatalog; path = Images.xcassets; sourceTree = "<group>"; };
		08C526551942739600523A5B /* travel-rewards-ios-appTests.xctest */ = {isa = PBXFileReference; explicitFileType = wrapper.cfbundle; includeInIndex = 0; path = "travel-rewards-ios-appTests.xctest"; sourceTree = BUILT_PRODUCTS_DIR; };
		08C526561942739600523A5B /* XCTest.framework */ = {isa = PBXFileReference; lastKnownFileType = wrapper.framework; name = XCTest.framework; path = Library/Frameworks/XCTest.framework; sourceTree = DEVELOPER_DIR; };
		08C5265E1942739700523A5B /* travel-rewards-ios-appTests-Info.plist */ = {isa = PBXFileReference; lastKnownFileType = text.plist.xml; path = "travel-rewards-ios-appTests-Info.plist"; sourceTree = "<group>"; };
		08C526601942739700523A5B /* en */ = {isa = PBXFileReference; lastKnownFileType = text.plist.strings; name = en; path = en.lproj/InfoPlist.strings; sourceTree = "<group>"; };
		08C526621942739700523A5B /* travel_rewards_ios_appTests.m */ = {isa = PBXFileReference; lastKnownFileType = sourcecode.c.objc; path = travel_rewards_ios_appTests.m; sourceTree = "<group>"; };
		08C5266C194273CF00523A5B /* CoreBluetooth.framework */ = {isa = PBXFileReference; lastKnownFileType = wrapper.framework; name = CoreBluetooth.framework; path = System/Library/Frameworks/CoreBluetooth.framework; sourceTree = SDKROOT; };
		08C5266E194273D300523A5B /* CoreLocation.framework */ = {isa = PBXFileReference; lastKnownFileType = wrapper.framework; name = CoreLocation.framework; path = System/Library/Frameworks/CoreLocation.framework; sourceTree = SDKROOT; };
		08C5267019427DA600523A5B /* MapViewController.h */ = {isa = PBXFileReference; fileEncoding = 4; lastKnownFileType = sourcecode.c.h; path = MapViewController.h; sourceTree = "<group>"; };
		08C5267119427DA600523A5B /* MapViewController.m */ = {isa = PBXFileReference; fileEncoding = 4; lastKnownFileType = sourcecode.c.objc; path = MapViewController.m; sourceTree = "<group>"; };
		08C526761942805A00523A5B /* LocationManager.m */ = {isa = PBXFileReference; fileEncoding = 4; lastKnownFileType = sourcecode.c.objc; path = LocationManager.m; sourceTree = "<group>"; };
		08C526781942806700523A5B /* LocationManager.h */ = {isa = PBXFileReference; lastKnownFileType = sourcecode.c.h; path = LocationManager.h; sourceTree = "<group>"; };
		08C52679194280F200523A5B /* JTSingleton.h */ = {isa = PBXFileReference; lastKnownFileType = sourcecode.c.h; path = JTSingleton.h; sourceTree = "<group>"; };
		08D60A671942AE900032C562 /* background.png */ = {isa = PBXFileReference; lastKnownFileType = image.png; path = background.png; sourceTree = "<group>"; };
		08D60A691942AF020032C562 /* notification.png */ = {isa = PBXFileReference; lastKnownFileType = image.png; path = notification.png; sourceTree = "<group>"; };
		08D60A6A1942AF020032C562 /* notification2.png */ = {isa = PBXFileReference; lastKnownFileType = image.png; path = notification2.png; sourceTree = "<group>"; };
		08D60A6D1942AF5A0032C562 /* blankBeacon.png */ = {isa = PBXFileReference; lastKnownFileType = image.png; path = blankBeacon.png; sourceTree = "<group>"; };
		08D60A6F1942AF780032C562 /* 3x.png */ = {isa = PBXFileReference; lastKnownFileType = image.png; path = 3x.png; sourceTree = "<group>"; };
		08D60A701942AF780032C562 /* 5x.png */ = {isa = PBXFileReference; lastKnownFileType = image.png; path = 5x.png; sourceTree = "<group>"; };
		38CA11960656409BAEF25F15 /* libPods-travel-rewards-ios-app.a */ = {isa = PBXFileReference; explicitFileType = archive.ar; includeInIndex = 0; path = "libPods-travel-rewards-ios-app.a"; sourceTree = BUILT_PRODUCTS_DIR; };
		6E9BE8EBEC624384B6EAC0FF /* Pods-travel-rewards-ios-app.xcconfig */ = {isa = PBXFileReference; includeInIndex = 1; lastKnownFileType = text.xcconfig; name = "Pods-travel-rewards-ios-app.xcconfig"; path = "Pods/Pods-travel-rewards-ios-app.xcconfig"; sourceTree = "<group>"; };
/* End PBXFileReference section */

/* Begin PBXFrameworksBuildPhase section */
		08C526311942739600523A5B /* Frameworks */ = {
			isa = PBXFrameworksBuildPhase;
			buildActionMask = 2147483647;
			files = (
				088131201942842E0082D2E8 /* MessageUI.framework in Frameworks */,
				0881311E194284250082D2E8 /* CFNetwork.framework in Frameworks */,
				0881311C194284190082D2E8 /* CoreMotion.framework in Frameworks */,
				0881311A1942840E0082D2E8 /* libz.dylib in Frameworks */,
				08813118194284030082D2E8 /* ExternalAccessory.framework in Frameworks */,
				08C5266F194273D300523A5B /* CoreLocation.framework in Frameworks */,
				08C5266D194273CF00523A5B /* CoreBluetooth.framework in Frameworks */,
				08C5263A1942739600523A5B /* CoreGraphics.framework in Frameworks */,
				08C5263C1942739600523A5B /* UIKit.framework in Frameworks */,
				08C526381942739600523A5B /* Foundation.framework in Frameworks */,
				CB00CC8845C540B79FB33457 /* libPods-travel-rewards-ios-app.a in Frameworks */,
			);
			runOnlyForDeploymentPostprocessing = 0;
		};
		08C526521942739600523A5B /* Frameworks */ = {
			isa = PBXFrameworksBuildPhase;
			buildActionMask = 2147483647;
			files = (
				08C526571942739600523A5B /* XCTest.framework in Frameworks */,
				08C526591942739700523A5B /* UIKit.framework in Frameworks */,
				08C526581942739700523A5B /* Foundation.framework in Frameworks */,
			);
			runOnlyForDeploymentPostprocessing = 0;
		};
/* End PBXFrameworksBuildPhase section */

/* Begin PBXGroup section */
		08C5262B1942739600523A5B = {
			isa = PBXGroup;
			children = (
				08C5263D1942739600523A5B /* travel-rewards-ios-app */,
				08C5265C1942739700523A5B /* travel-rewards-ios-appTests */,
				08C526361942739600523A5B /* Frameworks */,
				08C526351942739600523A5B /* Products */,
				6E9BE8EBEC624384B6EAC0FF /* Pods-travel-rewards-ios-app.xcconfig */,
			);
			sourceTree = "<group>";
		};
		08C526351942739600523A5B /* Products */ = {
			isa = PBXGroup;
			children = (
				08C526341942739600523A5B /* AirPoint.app */,
				08C526551942739600523A5B /* travel-rewards-ios-appTests.xctest */,
			);
			name = Products;
			sourceTree = "<group>";
		};
		08C526361942739600523A5B /* Frameworks */ = {
			isa = PBXGroup;
			children = (
				0881311F1942842E0082D2E8 /* MessageUI.framework */,
				0881311D194284250082D2E8 /* CFNetwork.framework */,
				0881311B194284190082D2E8 /* CoreMotion.framework */,
				088131191942840E0082D2E8 /* libz.dylib */,
				08813117194284030082D2E8 /* ExternalAccessory.framework */,
				08C5266E194273D300523A5B /* CoreLocation.framework */,
				08C5266C194273CF00523A5B /* CoreBluetooth.framework */,
				08C526371942739600523A5B /* Foundation.framework */,
				08C526391942739600523A5B /* CoreGraphics.framework */,
				08C5263B1942739600523A5B /* UIKit.framework */,
				08C526561942739600523A5B /* XCTest.framework */,
				38CA11960656409BAEF25F15 /* libPods-travel-rewards-ios-app.a */,
			);
			name = Frameworks;
			sourceTree = "<group>";
		};
		08C5263D1942739600523A5B /* travel-rewards-ios-app */ = {
			isa = PBXGroup;
			children = (
				08D60A691942AF020032C562 /* notification.png */,
				08D60A6A1942AF020032C562 /* notification2.png */,
				08D60A671942AE900032C562 /* background.png */,
				08D60A6D1942AF5A0032C562 /* blankBeacon.png */,
				08D60A6F1942AF780032C562 /* 3x.png */,
				08D60A701942AF780032C562 /* 5x.png */,
				08C52679194280F200523A5B /* JTSingleton.h */,
				08C526781942806700523A5B /* LocationManager.h */,
				08C526761942805A00523A5B /* LocationManager.m */,
				08C526461942739600523A5B /* AppDelegate.h */,
				08C526471942739600523A5B /* AppDelegate.m */,
				08C526491942739600523A5B /* Main.storyboard */,
				08C5264C1942739600523A5B /* ViewController.h */,
				08C5264D1942739600523A5B /* ViewController.m */,
				08C5264F1942739600523A5B /* Images.xcassets */,
				08C5263E1942739600523A5B /* Supporting Files */,
				08C5267019427DA600523A5B /* MapViewController.h */,
				08C5267119427DA600523A5B /* MapViewController.m */,
			);
			path = "travel-rewards-ios-app";
			sourceTree = "<group>";
		};
		08C5263E1942739600523A5B /* Supporting Files */ = {
			isa = PBXGroup;
			children = (
				08C5263F1942739600523A5B /* travel-rewards-ios-app-Info.plist */,
				08C526401942739600523A5B /* InfoPlist.strings */,
				08C526431942739600523A5B /* main.m */,
				08C526451942739600523A5B /* travel-rewards-ios-app-Prefix.pch */,
			);
			name = "Supporting Files";
			sourceTree = "<group>";
		};
		08C5265C1942739700523A5B /* travel-rewards-ios-appTests */ = {
			isa = PBXGroup;
			children = (
				08C526621942739700523A5B /* travel_rewards_ios_appTests.m */,
				08C5265D1942739700523A5B /* Supporting Files */,
			);
			path = "travel-rewards-ios-appTests";
			sourceTree = "<group>";
		};
		08C5265D1942739700523A5B /* Supporting Files */ = {
			isa = PBXGroup;
			children = (
				08C5265E1942739700523A5B /* travel-rewards-ios-appTests-Info.plist */,
				08C5265F1942739700523A5B /* InfoPlist.strings */,
			);
			name = "Supporting Files";
			sourceTree = "<group>";
		};
/* End PBXGroup section */

/* Begin PBXNativeTarget section */
		08C526331942739600523A5B /* travel-rewards-ios-app */ = {
			isa = PBXNativeTarget;
			buildConfigurationList = 08C526661942739700523A5B /* Build configuration list for PBXNativeTarget "travel-rewards-ios-app" */;
			buildPhases = (
				21781D3C0A7C42C3963FBBE7 /* Check Pods Manifest.lock */,
				08C526301942739600523A5B /* Sources */,
				08C526311942739600523A5B /* Frameworks */,
				08C526321942739600523A5B /* Resources */,
				17EA9A30DE5041FF8C9CB846 /* Copy Pods Resources */,
			);
			buildRules = (
			);
			dependencies = (
			);
			name = "travel-rewards-ios-app";
			productName = "travel-rewards-ios-app";
			productReference = 08C526341942739600523A5B /* AirPoint.app */;
			productType = "com.apple.product-type.application";
		};
		08C526541942739600523A5B /* travel-rewards-ios-appTests */ = {
			isa = PBXNativeTarget;
			buildConfigurationList = 08C526691942739700523A5B /* Build configuration list for PBXNativeTarget "travel-rewards-ios-appTests" */;
			buildPhases = (
				08C526511942739600523A5B /* Sources */,
				08C526521942739600523A5B /* Frameworks */,
				08C526531942739600523A5B /* Resources */,
			);
			buildRules = (
			);
			dependencies = (
				08C5265B1942739700523A5B /* PBXTargetDependency */,
			);
			name = "travel-rewards-ios-appTests";
			productName = "travel-rewards-ios-appTests";
			productReference = 08C526551942739600523A5B /* travel-rewards-ios-appTests.xctest */;
			productType = "com.apple.product-type.bundle.unit-test";
		};
/* End PBXNativeTarget section */

/* Begin PBXProject section */
		08C5262C1942739600523A5B /* Project object */ = {
			isa = PBXProject;
			attributes = {
				LastUpgradeCheck = 0500;
				ORGANIZATIONNAME = YML;
				TargetAttributes = {
					08C526541942739600523A5B = {
						TestTargetID = 08C526331942739600523A5B;
					};
				};
			};
			buildConfigurationList = 08C5262F1942739600523A5B /* Build configuration list for PBXProject "travel-rewards-ios-app" */;
			compatibilityVersion = "Xcode 3.2";
			developmentRegion = English;
			hasScannedForEncodings = 0;
			knownRegions = (
				en,
				Base,
			);
			mainGroup = 08C5262B1942739600523A5B;
			productRefGroup = 08C526351942739600523A5B /* Products */;
			projectDirPath = "";
			projectRoot = "";
			targets = (
				08C526331942739600523A5B /* travel-rewards-ios-app */,
				08C526541942739600523A5B /* travel-rewards-ios-appTests */,
			);
		};
/* End PBXProject section */

/* Begin PBXResourcesBuildPhase section */
		08C526321942739600523A5B /* Resources */ = {
			isa = PBXResourcesBuildPhase;
			buildActionMask = 2147483647;
			files = (
				08D60A6B1942AF020032C562 /* notification.png in Resources */,
				08D60A6C1942AF020032C562 /* notification2.png in Resources */,
				08C526501942739600523A5B /* Images.xcassets in Resources */,
				08D60A721942AF780032C562 /* 5x.png in Resources */,
				08D60A6E1942AF5A0032C562 /* blankBeacon.png in Resources */,
				08D60A711942AF780032C562 /* 3x.png in Resources */,
				08D60A681942AE900032C562 /* background.png in Resources */,
				08C526421942739600523A5B /* InfoPlist.strings in Resources */,
				08C5264B1942739600523A5B /* Main.storyboard in Resources */,
			);
			runOnlyForDeploymentPostprocessing = 0;
		};
		08C526531942739600523A5B /* Resources */ = {
			isa = PBXResourcesBuildPhase;
			buildActionMask = 2147483647;
			files = (
				08C526611942739700523A5B /* InfoPlist.strings in Resources */,
			);
			runOnlyForDeploymentPostprocessing = 0;
		};
/* End PBXResourcesBuildPhase section */

/* Begin PBXShellScriptBuildPhase section */
		17EA9A30DE5041FF8C9CB846 /* Copy Pods Resources */ = {
			isa = PBXShellScriptBuildPhase;
			buildActionMask = 2147483647;
			files = (
			);
			inputPaths = (
			);
			name = "Copy Pods Resources";
			outputPaths = (
			);
			runOnlyForDeploymentPostprocessing = 0;
			shellPath = /bin/sh;
			shellScript = "\"${SRCROOT}/Pods/Pods-travel-rewards-ios-app-resources.sh\"\n";
			showEnvVarsInLog = 0;
		};
		21781D3C0A7C42C3963FBBE7 /* Check Pods Manifest.lock */ = {
			isa = PBXShellScriptBuildPhase;
			buildActionMask = 2147483647;
			files = (
			);
			inputPaths = (
			);
			name = "Check Pods Manifest.lock";
			outputPaths = (
			);
			runOnlyForDeploymentPostprocessing = 0;
			shellPath = /bin/sh;
			shellScript = "diff \"${PODS_ROOT}/../Podfile.lock\" \"${PODS_ROOT}/Manifest.lock\" > /dev/null\nif [[ $? != 0 ]] ; then\n    cat << EOM\nerror: The sandbox is not in sync with the Podfile.lock. Run 'pod install' or update your CocoaPods installation.\nEOM\n    exit 1\nfi\n";
			showEnvVarsInLog = 0;
		};
/* End PBXShellScriptBuildPhase section */

/* Begin PBXSourcesBuildPhase section */
		08C526301942739600523A5B /* Sources */ = {
			isa = PBXSourcesBuildPhase;
			buildActionMask = 2147483647;
			files = (
				08C5264E1942739600523A5B /* ViewController.m in Sources */,
				08C526771942805A00523A5B /* LocationManager.m in Sources */,
				08C526481942739600523A5B /* AppDelegate.m in Sources */,
				08C526441942739600523A5B /* main.m in Sources */,
				08C5267219427DA600523A5B /* MapViewController.m in Sources */,
			);
			runOnlyForDeploymentPostprocessing = 0;
		};
		08C526511942739600523A5B /* Sources */ = {
			isa = PBXSourcesBuildPhase;
			buildActionMask = 2147483647;
			files = (
				08C526631942739700523A5B /* travel_rewards_ios_appTests.m in Sources */,
			);
			runOnlyForDeploymentPostprocessing = 0;
		};
/* End PBXSourcesBuildPhase section */

/* Begin PBXTargetDependency section */
		08C5265B1942739700523A5B /* PBXTargetDependency */ = {
			isa = PBXTargetDependency;
			target = 08C526331942739600523A5B /* travel-rewards-ios-app */;
			targetProxy = 08C5265A1942739700523A5B /* PBXContainerItemProxy */;
		};
/* End PBXTargetDependency section */

/* Begin PBXVariantGroup section */
		08C526401942739600523A5B /* InfoPlist.strings */ = {
			isa = PBXVariantGroup;
			children = (
				08C526411942739600523A5B /* en */,
			);
			name = InfoPlist.strings;
			sourceTree = "<group>";
		};
		08C526491942739600523A5B /* Main.storyboard */ = {
			isa = PBXVariantGroup;
			children = (
				08C5264A1942739600523A5B /* Base */,
			);
			name = Main.storyboard;
			sourceTree = "<group>";
		};
		08C5265F1942739700523A5B /* InfoPlist.strings */ = {
			isa = PBXVariantGroup;
			children = (
				08C526601942739700523A5B /* en */,
			);
			name = InfoPlist.strings;
			sourceTree = "<group>";
		};
/* End PBXVariantGroup section */

/* Begin XCBuildConfiguration section */
		08C526641942739700523A5B /* Debug */ = {
			isa = XCBuildConfiguration;
			buildSettings = {
				ALWAYS_SEARCH_USER_PATHS = NO;
				ARCHS = "$(ARCHS_STANDARD_INCLUDING_64_BIT)";
				CLANG_CXX_LANGUAGE_STANDARD = "gnu++0x";
				CLANG_CXX_LIBRARY = "libc++";
				CLANG_ENABLE_MODULES = YES;
				CLANG_ENABLE_OBJC_ARC = YES;
				CLANG_WARN_BOOL_CONVERSION = YES;
				CLANG_WARN_CONSTANT_CONVERSION = YES;
				CLANG_WARN_DIRECT_OBJC_ISA_USAGE = YES_ERROR;
				CLANG_WARN_EMPTY_BODY = YES;
				CLANG_WARN_ENUM_CONVERSION = YES;
				CLANG_WARN_INT_CONVERSION = YES;
				CLANG_WARN_OBJC_ROOT_CLASS = YES_ERROR;
				CLANG_WARN__DUPLICATE_METHOD_MATCH = YES;
				"CODE_SIGN_IDENTITY[sdk=iphoneos*]" = "iPhone Developer";
				COPY_PHASE_STRIP = NO;
				GCC_C_LANGUAGE_STANDARD = gnu99;
				GCC_DYNAMIC_NO_PIC = NO;
				GCC_OPTIMIZATION_LEVEL = 0;
				GCC_PREPROCESSOR_DEFINITIONS = (
					"DEBUG=1",
					"$(inherited)",
				);
				GCC_SYMBOLS_PRIVATE_EXTERN = NO;
				GCC_WARN_64_TO_32_BIT_CONVERSION = YES;
				GCC_WARN_ABOUT_RETURN_TYPE = YES_ERROR;
				GCC_WARN_UNDECLARED_SELECTOR = YES;
				GCC_WARN_UNINITIALIZED_AUTOS = YES;
				GCC_WARN_UNUSED_FUNCTION = YES;
				GCC_WARN_UNUSED_VARIABLE = YES;
				IPHONEOS_DEPLOYMENT_TARGET = 7.0;
				ONLY_ACTIVE_ARCH = YES;
				SDKROOT = iphoneos;
			};
			name = Debug;
		};
		08C526651942739700523A5B /* Release */ = {
			isa = XCBuildConfiguration;
			buildSettings = {
				ALWAYS_SEARCH_USER_PATHS = NO;
				ARCHS = "$(ARCHS_STANDARD_INCLUDING_64_BIT)";
				CLANG_CXX_LANGUAGE_STANDARD = "gnu++0x";
				CLANG_CXX_LIBRARY = "libc++";
				CLANG_ENABLE_MODULES = YES;
				CLANG_ENABLE_OBJC_ARC = YES;
				CLANG_WARN_BOOL_CONVERSION = YES;
				CLANG_WARN_CONSTANT_CONVERSION = YES;
				CLANG_WARN_DIRECT_OBJC_ISA_USAGE = YES_ERROR;
				CLANG_WARN_EMPTY_BODY = YES;
				CLANG_WARN_ENUM_CONVERSION = YES;
				CLANG_WARN_INT_CONVERSION = YES;
				CLANG_WARN_OBJC_ROOT_CLASS = YES_ERROR;
				CLANG_WARN__DUPLICATE_METHOD_MATCH = YES;
				"CODE_SIGN_IDENTITY[sdk=iphoneos*]" = "iPhone Developer";
				COPY_PHASE_STRIP = YES;
				ENABLE_NS_ASSERTIONS = NO;
				GCC_C_LANGUAGE_STANDARD = gnu99;
				GCC_WARN_64_TO_32_BIT_CONVERSION = YES;
				GCC_WARN_ABOUT_RETURN_TYPE = YES_ERROR;
				GCC_WARN_UNDECLARED_SELECTOR = YES;
				GCC_WARN_UNINITIALIZED_AUTOS = YES;
				GCC_WARN_UNUSED_FUNCTION = YES;
				GCC_WARN_UNUSED_VARIABLE = YES;
				IPHONEOS_DEPLOYMENT_TARGET = 7.0;
				SDKROOT = iphoneos;
				VALIDATE_PRODUCT = YES;
			};
			name = Release;
		};
		08C526671942739700523A5B /* Debug */ = {
			isa = XCBuildConfiguration;
			baseConfigurationReference = 6E9BE8EBEC624384B6EAC0FF /* Pods-travel-rewards-ios-app.xcconfig */;
			buildSettings = {
				ASSETCATALOG_COMPILER_APPICON_NAME = AppIcon;
				ASSETCATALOG_COMPILER_LAUNCHIMAGE_NAME = LaunchImage;
				GCC_PRECOMPILE_PREFIX_HEADER = YES;
				GCC_PREFIX_HEADER = "travel-rewards-ios-app/travel-rewards-ios-app-Prefix.pch";
				INFOPLIST_FILE = "travel-rewards-ios-app/travel-rewards-ios-app-Info.plist";
				PRODUCT_NAME = AirPoint;
				WRAPPER_EXTENSION = app;
			};
			name = Debug;
		};
		08C526681942739700523A5B /* Release */ = {
			isa = XCBuildConfiguration;
			baseConfigurationReference = 6E9BE8EBEC624384B6EAC0FF /* Pods-travel-rewards-ios-app.xcconfig */;
			buildSettings = {
				ASSETCATALOG_COMPILER_APPICON_NAME = AppIcon;
				ASSETCATALOG_COMPILER_LAUNCHIMAGE_NAME = LaunchImage;
				GCC_PRECOMPILE_PREFIX_HEADER = YES;
				GCC_PREFIX_HEADER = "travel-rewards-ios-app/travel-rewards-ios-app-Prefix.pch";
				INFOPLIST_FILE = "travel-rewards-ios-app/travel-rewards-ios-app-Info.plist";
				PRODUCT_NAME = AirPoint;
				WRAPPER_EXTENSION = app;
			};
			name = Release;
		};
		08C5266A1942739700523A5B /* Debug */ = {
			isa = XCBuildConfiguration;
			buildSettings = {
				ARCHS = "$(ARCHS_STANDARD_INCLUDING_64_BIT)";
				BUNDLE_LOADER = "$(BUILT_PRODUCTS_DIR)/travel-rewards-ios-app.app/travel-rewards-ios-app";
				FRAMEWORK_SEARCH_PATHS = (
					"$(SDKROOT)/Developer/Library/Frameworks",
					"$(inherited)",
					"$(DEVELOPER_FRAMEWORKS_DIR)",
				);
				GCC_PRECOMPILE_PREFIX_HEADER = YES;
				GCC_PREFIX_HEADER = "travel-rewards-ios-app/travel-rewards-ios-app-Prefix.pch";
				GCC_PREPROCESSOR_DEFINITIONS = (
					"DEBUG=1",
					"$(inherited)",
				);
				INFOPLIST_FILE = "travel-rewards-ios-appTests/travel-rewards-ios-appTests-Info.plist";
				PRODUCT_NAME = "$(TARGET_NAME)";
				TEST_HOST = "$(BUNDLE_LOADER)";
				WRAPPER_EXTENSION = xctest;
			};
			name = Debug;
		};
		08C5266B1942739700523A5B /* Release */ = {
			isa = XCBuildConfiguration;
			buildSettings = {
				ARCHS = "$(ARCHS_STANDARD_INCLUDING_64_BIT)";
				BUNDLE_LOADER = "$(BUILT_PRODUCTS_DIR)/travel-rewards-ios-app.app/travel-rewards-ios-app";
				FRAMEWORK_SEARCH_PATHS = (
					"$(SDKROOT)/Developer/Library/Frameworks",
					"$(inherited)",
					"$(DEVELOPER_FRAMEWORKS_DIR)",
				);
				GCC_PRECOMPILE_PREFIX_HEADER = YES;
				GCC_PREFIX_HEADER = "travel-rewards-ios-app/travel-rewards-ios-app-Prefix.pch";
				INFOPLIST_FILE = "travel-rewards-ios-appTests/travel-rewards-ios-appTests-Info.plist";
				PRODUCT_NAME = "$(TARGET_NAME)";
				TEST_HOST = "$(BUNDLE_LOADER)";
				WRAPPER_EXTENSION = xctest;
			};
			name = Release;
		};
/* End XCBuildConfiguration section */

/* Begin XCConfigurationList section */
		08C5262F1942739600523A5B /* Build configuration list for PBXProject "travel-rewards-ios-app" */ = {
			isa = XCConfigurationList;
			buildConfigurations = (
				08C526641942739700523A5B /* Debug */,
				08C526651942739700523A5B /* Release */,
			);
			defaultConfigurationIsVisible = 0;
			defaultConfigurationName = Release;
		};
		08C526661942739700523A5B /* Build configuration list for PBXNativeTarget "travel-rewards-ios-app" */ = {
			isa = XCConfigurationList;
			buildConfigurations = (
				08C526671942739700523A5B /* Debug */,
				08C526681942739700523A5B /* Release */,
			);
			defaultConfigurationIsVisible = 0;
			defaultConfigurationName = Release;
		};
		08C526691942739700523A5B /* Build configuration list for PBXNativeTarget "travel-rewards-ios-appTests" */ = {
			isa = XCConfigurationList;
			buildConfigurations = (
				08C5266A1942739700523A5B /* Debug */,
				08C5266B1942739700523A5B /* Release */,
			);
			defaultConfigurationIsVisible = 0;
			defaultConfigurationName = Release;
		};
/* End XCConfigurationList section */
	};
	rootObject = 08C5262C1942739600523A5B /* Project object */;
}
